
Microsoft Visual Studio Solution File, Format Version 12.00
# Visual Studio Version 16
VisualStudioVersion = 16.0.30225.117
MinimumVisualStudioVersion = 10.0.40219.1
Project("{FAE04EC0-301F-11D3-BF4B-00C04F79EFBC}") = "charSumm", "charSumm.csproj", "{F2D6BB51-871B-41C9-9695-D6236F3DF540}"
EndProject
Global
	GlobalSection(SolutionConfigurationPlatforms) = preSolution
		Debug|Any CPU = Debug|Any CPU
		Release|Any CPU = Release|Any CPU
	EndGlobalSection
	GlobalSection(ProjectConfigurationPlatforms) = postSolution
		{F2D6BB51-871B-41C9-9695-D6236F3DF540}.Debug|Any CPU.ActiveCfg = Debug|Any CPU
		{F2D6BB51-871B-41C9-9695-D6236F3DF540}.Debug|Any CPU.Build.0 = Debug|Any CPU
		{F2D6BB51-871B-41C9-9695-D6236F3DF540}.Release|Any CPU.ActiveCfg = Release|Any CPU
		{F2D6BB51-871B-41C9-9695-D6236F3DF540}.Release|Any CPU.Build.0 = Release|Any CPU
	EndGlobalSection
	GlobalSection(SolutionProperties) = preSolution
		HideSolutionNode = FALSE
	EndGlobalSection
	GlobalSection(ExtensibilityGlobals) = postSolution
		SolutionGuid = {9BCE0A38-2895-446E-9D04-199CF0C4CBD7}
	EndGlobalSection
EndGlobal
